<?xml version="1.0" encoding="utf-8"?>
<Project ToolsVersion="4.0" xmlns="http://schemas.microsoft.com/developer/msbuild/2003">
  <ItemGroup>
    <Filter Include="Quelldateien">
      <UniqueIdentifier>{4FC737F1-C7A5-4376-A066-2A32D752A2FF}</UniqueIdentifier>
      <Extensions>cpp;c;cc;cxx;def;odl;idl;hpj;bat;asm;asmx</Extensions>
    </Filter>
    <Filter Include="Headerdateien">
      <UniqueIdentifier>{93995380-89BD-4b04-88EB-625FBE52EBFB}</UniqueIdentifier>
      <Extensions>h;hh;hpp;hxx;hm;inl;inc;xsd</Extensions>
    </Filter>
    <Filter Include="Ressourcendateien">
      <UniqueIdentifier>{67DA6AB6-F800-4c08-8B7A-83BB121AAD01}</UniqueIdentifier>
      <Extensions>rc;ico;cur;bmp;dlg;rc2;rct;bin;rgs;gif;jpg;jpeg;jpe;resx;tiff;tif;png;wav;mfcribbon-ms</Extensions>
    </Filter>
    <Filter Include="Headerdateien\Menu">
      <UniqueIdentifier>{1a6d927c-60b2-40eb-b368-f46a56997f6d}</UniqueIdentifier>
    </Filter>
    <Filter Include="Headerdateien\InGame">
      <UniqueIdentifier>{ca980e5b-a5f0-4770-9697-990f5c6865e9}</UniqueIdentifier>
    </Filter>
    <Filter Include="Headerdateien\InGame\DataStorage">
      <UniqueIdentifier>{06768b76-7262-4f98-9956-35d6d93afd0e}</UniqueIdentifier>
    </Filter>
    <Filter Include="Quelldateien\InGame">
      <UniqueIdentifier>{b4f99cc2-ad16-4935-9428-ca902e838a6e}</UniqueIdentifier>
    </Filter>
    <Filter Include="Quelldateien\InGame\DataStorage">
      <UniqueIdentifier>{65a55061-594d-445d-9ada-17de5173eab4}</UniqueIdentifier>
    </Filter>
    <Filter Include="Headerdateien\InGame\DataStorage\Components">
      <UniqueIdentifier>{9d98fbcb-44f4-42f5-b21d-ca239f330f3c}</UniqueIdentifier>
    </Filter>
    <Filter Include="Headerdateien\Content">
      <UniqueIdentifier>{21b88734-ae4d-4d1c-b8c4-b4e85f89529d}</UniqueIdentifier>
    </Filter>
    <Filter Include="Quelldateien\Content">
      <UniqueIdentifier>{353c8283-fe1f-4853-afc3-eb91850b25a6}</UniqueIdentifier>
    </Filter>
  </ItemGroup>
  <ItemGroup>
    <ClCompile Include="main.cpp">
      <Filter>Quelldateien</Filter>
    </ClCompile>
    <ClCompile Include="Window.cpp">
      <Filter>Quelldateien</Filter>
    </ClCompile>
    <ClCompile Include="GameData.cpp">
      <Filter>Quelldateien\InGame</Filter>
    </ClCompile>
    <ClCompile Include="Render.cpp">
      <Filter>Quelldateien\InGame</Filter>
    </ClCompile>
    <ClCompile Include="Update.cpp">
      <Filter>Quelldateien\InGame</Filter>
    </ClCompile>
    <ClCompile Include="Entity.cpp">
      <Filter>Quelldateien\InGame\DataStorage</Filter>
    </ClCompile>
    <ClCompile Include="Transform.cpp">
      <Filter>Quelldateien\InGame\DataStorage</Filter>
    </ClCompile>
    <ClCompile Include="EntityManager.cpp">
      <Filter>Quelldateien\InGame\DataStorage</Filter>
    </ClCompile>
    <ClCompile Include="SubShader.cpp">
      <Filter>Quelldateien\Content</Filter>
    </ClCompile>
    <ClCompile Include="Shader.cpp">
      <Filter>Quelldateien\Content</Filter>
    </ClCompile>
    <ClCompile Include="AssetManager.cpp">
      <Filter>Quelldateien\Content</Filter>
    </ClCompile>
    <ClCompile Include="Mesh.cpp">
      <Filter>Quelldateien\Content</Filter>
    </ClCompile>
  </ItemGroup>
  <ItemGroup>
    <ClInclude Include="Window.h">
      <Filter>Headerdateien</Filter>
    </ClInclude>
    <ClInclude Include="GameData.h">
      <Filter>Headerdateien\InGame</Filter>
    </ClInclude>
    <ClInclude Include="GameState.h">
      <Filter>Headerdateien</Filter>
    </ClInclude>
    <ClInclude Include="Render.h">
      <Filter>Headerdateien\InGame</Filter>
    </ClInclude>
    <ClInclude Include="Update.h">
      <Filter>Headerdateien\InGame</Filter>
    </ClInclude>
    <ClInclude Include="InGame.h">
      <Filter>Headerdateien</Filter>
    </ClInclude>
    <ClInclude Include="Entity.h">
      <Filter>Headerdateien\InGame\DataStorage</Filter>
    </ClInclude>
    <ClInclude Include="Component.h">
      <Filter>Headerdateien\InGame\DataStorage</Filter>
    </ClInclude>
    <ClInclude Include="EntityManager.h">
      <Filter>Headerdateien\InGame\DataStorage</Filter>
    </ClInclude>
    <ClInclude Include="Transform.h">
      <Filter>Headerdateien\InGame\DataStorage</Filter>
    </ClInclude>
    <ClInclude Include="MeshComponent.h">
      <Filter>Headerdateien\InGame\DataStorage\Components</Filter>
    </ClInclude>
    <ClInclude Include="TransformComponent.h">
      <Filter>Headerdateien\InGame\DataStorage\Components</Filter>
    </ClInclude>
    <ClInclude Include="Camera.h">
      <Filter>Headerdateien\InGame\DataStorage</Filter>
    </ClInclude>
    <ClInclude Include="CameraComponent.h">
      <Filter>Headerdateien\InGame\DataStorage\Components</Filter>
    </ClInclude>
    <ClInclude Include="Asset.h">
      <Filter>Headerdateien\Content</Filter>
    </ClInclude>
    <ClInclude Include="ReferenceCounter.h">
      <Filter>Headerdateien\Content</Filter>
    </ClInclude>
    <ClInclude Include="AssetManager.h">
      <Filter>Headerdateien\Content</Filter>
    </ClInclude>
    <ClInclude Include="SubShader.h">
      <Filter>Headerdateien\Content</Filter>
    </ClInclude>
    <ClInclude Include="Shader.h">
      <Filter>Headerdateien\Content</Filter>
    </ClInclude>
    <ClInclude Include="AssetSubManagerBase.h">
      <Filter>Headerdateien\Content</Filter>
    </ClInclude>
    <ClInclude Include="Mesh.h">
      <Filter>Headerdateien\Content</Filter>
    </ClInclude>
  </ItemGroup>
</Project>